Microsoft Visual Studio Solution File, Format Version 12.00
# Visual Studio 15
VisualStudioVersion = 15.0.26430.14
MinimumVisualStudioVersion = 10.0.40219.1
Project("{FAE04EC0-301F-11D3-BF4B-00C04F79EFBC}") = "SpaceTradersAPI.Standard", "SpaceTradersAPI.Standard/SpaceTradersAPI.Standard.csproj", "{5e2750ca-4984-49e1-84d7-c571657f53e7}"
EndProject
Project("{FAE04EC0-301F-11D3-BF4B-00C04F79EFBC}") = "SpaceTradersAPI.Tests", "SpaceTradersAPI.Tests/SpaceTradersAPI.Tests.csproj", "{dc6abf0c-4db0-424f-8221-8de8f995b5b9}"
EndProject
Global
    GlobalSection(SolutionConfigurationPlatforms) = preSolution
        Debug|Any CPU = Debug|Any CPU
        Release|Any CPU = Release|Any CPU
    EndGlobalSection
    GlobalSection(ProjectConfigurationPlatforms) = postSolution
        {5e2750ca-4984-49e1-84d7-c571657f53e7}.Debug|Any CPU.ActiveCfg = Debug|Any CPU
        {5e2750ca-4984-49e1-84d7-c571657f53e7}.Debug|Any CPU.Build.0 = Debug|Any CPU
        {5e2750ca-4984-49e1-84d7-c571657f53e7}.Release|Any CPU.ActiveCfg = Release|Any CPU
        {5e2750ca-4984-49e1-84d7-c571657f53e7}.Release|Any CPU.Build.0 = Release|Any CPU
        {dc6abf0c-4db0-424f-8221-8de8f995b5b9}.Debug|Any CPU.ActiveCfg = Debug|Any CPU
        {dc6abf0c-4db0-424f-8221-8de8f995b5b9}.Debug|Any CPU.Build.0 = Debug|Any CPU
        {dc6abf0c-4db0-424f-8221-8de8f995b5b9}.Release|Any CPU.ActiveCfg = Release|Any CPU
        {dc6abf0c-4db0-424f-8221-8de8f995b5b9}.Release|Any CPU.Build.0 = Release|Any CPU
    EndGlobalSection
    GlobalSection(SolutionProperties) = preSolution
        HideSolutionNode = FALSE
    EndGlobalSection
EndGlobal
